<?xml version="1.0" encoding="utf-8"?>
<Project ToolsVersion="4.0" xmlns="http://schemas.microsoft.com/developer/msbuild/2003">
  <ItemGroup>
    <Filter Include="Source Files">
      <UniqueIdentifier>{6100e5d5-4c7b-49c1-8dff-f673b9d6658e}</UniqueIdentifier>
      <Extensions>cpp;c;cxx;def;odl;idl;hpj;bat;asm</Extensions>
    </Filter>
    <Filter Include="Header Files">
      <UniqueIdentifier>{4f5b9b91-d61f-4790-abb2-95a8367e9c9f}</UniqueIdentifier>
      <Extensions>h;hpp;hxx;hm;inl;inc</Extensions>
    </Filter>
    <Filter Include="Resource Files">
      <UniqueIdentifier>{72ae0d74-2098-4ac9-976f-49a08a4f544a}</UniqueIdentifier>
      <Extensions>rc;ico;cur;bmp;dlg;rc2;rct;bin;rgs;gif;jpg;jpeg;jpe</Extensions>
    </Filter>
  </ItemGroup>
  <ItemGroup>
    <ClCompile Include="main.cpp">
      <Filter>Source Files</Filter>
    </ClCompile>
    <ClCompile Include="WinMemStream.cpp">
      <Filter>Source Files</Filter>
    </ClCompile>
    <ClCompile Include="WinScreenCapture_D3D9.cpp">
      <Filter>Source Files</Filter>
    </ClCompile>
    <ClCompile Include="WinScreenCapture_D3D11.cpp">
      <Filter>Source Files</Filter>
    </ClCompile>
    <ClCompile Include="WinScreenCapture_GDI.cpp">
      <Filter>Source Files</Filter>
    </ClCompile>
    <ClCompile Include="WinScreenCapture_GDI+.cpp">
      <Filter>Source Files</Filter>
    </ClCompile>
    <ClCompile Include="WinScreenCapture_RDP.cpp">
      <Filter>Source Files</Filter>
    </ClCompile>
    <ClCompile Include="WinScreenCaptureHelper.cpp">
      <Filter>Source Files</Filter>
    </ClCompile>
    <ClCompile Include="WinSocket.cpp">
      <Filter>Source Files</Filter>
    </ClCompile>
  </ItemGroup>
  <ItemGroup>
    <ClInclude Include="main.h">
      <Filter>Header Files</Filter>
    </ClInclude>
    <ClInclude Include="resource.h">
      <Filter>Header Files</Filter>
    </ClInclude>
    <ClInclude Include="IWinScreenCapture.h">
      <Filter>Header Files</Filter>
    </ClInclude>
    <ClInclude Include="WinMemStream.h">
      <Filter>Header Files</Filter>
    </ClInclude>
    <ClInclude Include="WinScreenCapture_D3D9.h">
      <Filter>Header Files</Filter>
    </ClInclude>
    <ClInclude Include="WinScreenCapture_D3D11.h">
      <Filter>Header Files</Filter>
    </ClInclude>
    <ClInclude Include="WinScreenCapture_GDI.h">
      <Filter>Header Files</Filter>
    </ClInclude>
    <ClInclude Include="WinScreenCapture_GDI+.h">
      <Filter>Header Files</Filter>
    </ClInclude>
    <ClInclude Include="WinScreenCapture_RDP.h">
      <Filter>Header Files</Filter>
    </ClInclude>
    <ClInclude Include="WinScreenCaptureHelper.h">
      <Filter>Header Files</Filter>
    </ClInclude>
    <ClInclude Include="WinSocket.h">
      <Filter>Header Files</Filter>
    </ClInclude>
  </ItemGroup>
  <ItemGroup>
    <None Include="Computer.bmp">
      <Filter>Resource Files</Filter>
    </None>
    <None Include="DefaultI.bmp">
      <Filter>Resource Files</Filter>
    </None>
    <None Include="Interface Hot.bmp">
      <Filter>Resource Files</Filter>
    </None>
    <None Include="Interface.bmp">
      <Filter>Resource Files</Filter>
    </None>
    <None Include="StealthDialog.ico">
      <Filter>Resource Files</Filter>
    </None>
  </ItemGroup>
  <ItemGroup>
    <ResourceCompile Include="console.rc">
      <Filter>Resource Files</Filter>
    </ResourceCompile>
  </ItemGroup>
</Project>